
Microsoft Visual Studio Solution File, Format Version 12.00
# Visual Studio Version 16
VisualStudioVersion = 16.0.32126.315
MinimumVisualStudioVersion = 10.0.40219.1
Project("{8BC9CEB8-8B4A-11D0-8D11-00A0C91BC942}") = "Area Of Triangle", "Area Of Triangle\Area Of Triangle.vcxproj", "{13F0D7AB-C284-4ADE-9FBE-080CA9FCC547}"
EndProject
Global
	GlobalSection(SolutionConfigurationPlatforms) = preSolution
		Debug|x64 = Debug|x64
		Debug|x86 = Debug|x86
		Release|x64 = Release|x64
		Release|x86 = Release|x86
	EndGlobalSection
	GlobalSection(ProjectConfigurationPlatforms) = postSolution
		{13F0D7AB-C284-4ADE-9FBE-080CA9FCC547}.Debug|x64.ActiveCfg = Debug|x64
		{13F0D7AB-C284-4ADE-9FBE-080CA9FCC547}.Debug|x64.Build.0 = Debug|x64
		{13F0D7AB-C284-4ADE-9FBE-080CA9FCC547}.Debug|x86.ActiveCfg = Debug|Win32
		{13F0D7AB-C284-4ADE-9FBE-080CA9FCC547}.Debug|x86.Build.0 = Debug|Win32
		{13F0D7AB-C284-4ADE-9FBE-080CA9FCC547}.Release|x64.ActiveCfg = Release|x64
		{13F0D7AB-C284-4ADE-9FBE-080CA9FCC547}.Release|x64.Build.0 = Release|x64
		{13F0D7AB-C284-4ADE-9FBE-080CA9FCC547}.Release|x86.ActiveCfg = Release|Win32
		{13F0D7AB-C284-4ADE-9FBE-080CA9FCC547}.Release|x86.Build.0 = Release|Win32
	EndGlobalSection
	GlobalSection(SolutionProperties) = preSolution
		HideSolutionNode = FALSE
	EndGlobalSection
	GlobalSection(ExtensibilityGlobals) = postSolution
		SolutionGuid = {93180E25-DB7C-4AF3-A575-A852C032E342}
	EndGlobalSection
EndGlobal
