
Microsoft Visual Studio Solution File, Format Version 12.00
# Visual Studio Version 16
VisualStudioVersion = 16.0.32126.315
MinimumVisualStudioVersion = 10.0.40219.1
Project("{8BC9CEB8-8B4A-11D0-8D11-00A0C91BC942}") = "Leap Year program", "Leap Year program\Leap Year program.vcxproj", "{187F6A7B-BDF8-4E04-81E9-D755D99175DF}"
EndProject
Global
	GlobalSection(SolutionConfigurationPlatforms) = preSolution
		Debug|x64 = Debug|x64
		Debug|x86 = Debug|x86
		Release|x64 = Release|x64
		Release|x86 = Release|x86
	EndGlobalSection
	GlobalSection(ProjectConfigurationPlatforms) = postSolution
		{187F6A7B-BDF8-4E04-81E9-D755D99175DF}.Debug|x64.ActiveCfg = Debug|x64
		{187F6A7B-BDF8-4E04-81E9-D755D99175DF}.Debug|x64.Build.0 = Debug|x64
		{187F6A7B-BDF8-4E04-81E9-D755D99175DF}.Debug|x86.ActiveCfg = Debug|Win32
		{187F6A7B-BDF8-4E04-81E9-D755D99175DF}.Debug|x86.Build.0 = Debug|Win32
		{187F6A7B-BDF8-4E04-81E9-D755D99175DF}.Release|x64.ActiveCfg = Release|x64
		{187F6A7B-BDF8-4E04-81E9-D755D99175DF}.Release|x64.Build.0 = Release|x64
		{187F6A7B-BDF8-4E04-81E9-D755D99175DF}.Release|x86.ActiveCfg = Release|Win32
		{187F6A7B-BDF8-4E04-81E9-D755D99175DF}.Release|x86.Build.0 = Release|Win32
	EndGlobalSection
	GlobalSection(SolutionProperties) = preSolution
		HideSolutionNode = FALSE
	EndGlobalSection
	GlobalSection(ExtensibilityGlobals) = postSolution
		SolutionGuid = {E93EC560-5CD7-49EE-ADEE-C6B19193495B}
	EndGlobalSection
EndGlobal
