
Microsoft Visual Studio Solution File, Format Version 12.00
# Visual Studio Version 16
VisualStudioVersion = 16.0.32126.315
MinimumVisualStudioVersion = 10.0.40219.1
Project("{8BC9CEB8-8B4A-11D0-8D11-00A0C91BC942}") = "2D Arrays - Addition of 2 matrix", "2D Arrays - Addition of 2 matrix\2D Arrays - Addition of 2 matrix.vcxproj", "{4292DA77-FCCF-4408-8BD4-4D9AF1C6061D}"
EndProject
Global
	GlobalSection(SolutionConfigurationPlatforms) = preSolution
		Debug|x64 = Debug|x64
		Debug|x86 = Debug|x86
		Release|x64 = Release|x64
		Release|x86 = Release|x86
	EndGlobalSection
	GlobalSection(ProjectConfigurationPlatforms) = postSolution
		{4292DA77-FCCF-4408-8BD4-4D9AF1C6061D}.Debug|x64.ActiveCfg = Debug|x64
		{4292DA77-FCCF-4408-8BD4-4D9AF1C6061D}.Debug|x64.Build.0 = Debug|x64
		{4292DA77-FCCF-4408-8BD4-4D9AF1C6061D}.Debug|x86.ActiveCfg = Debug|Win32
		{4292DA77-FCCF-4408-8BD4-4D9AF1C6061D}.Debug|x86.Build.0 = Debug|Win32
		{4292DA77-FCCF-4408-8BD4-4D9AF1C6061D}.Release|x64.ActiveCfg = Release|x64
		{4292DA77-FCCF-4408-8BD4-4D9AF1C6061D}.Release|x64.Build.0 = Release|x64
		{4292DA77-FCCF-4408-8BD4-4D9AF1C6061D}.Release|x86.ActiveCfg = Release|Win32
		{4292DA77-FCCF-4408-8BD4-4D9AF1C6061D}.Release|x86.Build.0 = Release|Win32
	EndGlobalSection
	GlobalSection(SolutionProperties) = preSolution
		HideSolutionNode = FALSE
	EndGlobalSection
	GlobalSection(ExtensibilityGlobals) = postSolution
		SolutionGuid = {5CC574CF-BEEE-4623-9E5A-F0A5B73A1B38}
	EndGlobalSection
EndGlobal
