
Microsoft Visual Studio Solution File, Format Version 12.00
# Visual Studio Version 16
VisualStudioVersion = 16.0.32126.315
MinimumVisualStudioVersion = 10.0.40219.1
Project("{8BC9CEB8-8B4A-11D0-8D11-00A0C91BC942}") = "Pointer - Basics", "Pointer - Basics\Pointer - Basics.vcxproj", "{0732092B-7AFC-410D-B920-9F52C6928207}"
EndProject
Global
	GlobalSection(SolutionConfigurationPlatforms) = preSolution
		Debug|x64 = Debug|x64
		Debug|x86 = Debug|x86
		Release|x64 = Release|x64
		Release|x86 = Release|x86
	EndGlobalSection
	GlobalSection(ProjectConfigurationPlatforms) = postSolution
		{0732092B-7AFC-410D-B920-9F52C6928207}.Debug|x64.ActiveCfg = Debug|x64
		{0732092B-7AFC-410D-B920-9F52C6928207}.Debug|x64.Build.0 = Debug|x64
		{0732092B-7AFC-410D-B920-9F52C6928207}.Debug|x86.ActiveCfg = Debug|Win32
		{0732092B-7AFC-410D-B920-9F52C6928207}.Debug|x86.Build.0 = Debug|Win32
		{0732092B-7AFC-410D-B920-9F52C6928207}.Release|x64.ActiveCfg = Release|x64
		{0732092B-7AFC-410D-B920-9F52C6928207}.Release|x64.Build.0 = Release|x64
		{0732092B-7AFC-410D-B920-9F52C6928207}.Release|x86.ActiveCfg = Release|Win32
		{0732092B-7AFC-410D-B920-9F52C6928207}.Release|x86.Build.0 = Release|Win32
	EndGlobalSection
	GlobalSection(SolutionProperties) = preSolution
		HideSolutionNode = FALSE
	EndGlobalSection
	GlobalSection(ExtensibilityGlobals) = postSolution
		SolutionGuid = {125A150F-4FBB-4F4B-9038-ADC51B08E08E}
	EndGlobalSection
EndGlobal
